
Microsoft Visual Studio Solution File, Format Version 12.00
# Visual Studio Version 17
VisualStudioVersion = 17.13.35818.85 d17.13
MinimumVisualStudioVersion = 10.0.40219.1
Project("{FAE04EC0-301F-11D3-BF4B-00C04F79EFBC}") = "FormBuilder", "FormBuilder\FormBuilder.csproj", "{E6A1722B-21A9-4C4B-850C-939D275C21D1}"
EndProject
Global
	GlobalSection(SolutionConfigurationPlatforms) = preSolution
		Debug|Any CPU = Debug|Any CPU
		Release|Any CPU = Release|Any CPU
	EndGlobalSection
	GlobalSection(ProjectConfigurationPlatforms) = postSolution
		{E6A1722B-21A9-4C4B-850C-939D275C21D1}.Debug|Any CPU.ActiveCfg = Debug|Any CPU
		{E6A1722B-21A9-4C4B-850C-939D275C21D1}.Debug|Any CPU.Build.0 = Debug|Any CPU
		{E6A1722B-21A9-4C4B-850C-939D275C21D1}.Release|Any CPU.ActiveCfg = Release|Any CPU
		{E6A1722B-21A9-4C4B-850C-939D275C21D1}.Release|Any CPU.Build.0 = Release|Any CPU
	EndGlobalSection
	GlobalSection(SolutionProperties) = preSolution
		HideSolutionNode = FALSE
	EndGlobalSection
	GlobalSection(ExtensibilityGlobals) = postSolution
		SolutionGuid = {EB5CE398-B565-4DDB-B085-C06DBBCA6EAB}
	EndGlobalSection
EndGlobal
